
Microsoft Visual Studio Solution File, Format Version 12.00
# Visual Studio Version 17
VisualStudioVersion = 17.5.33516.290
MinimumVisualStudioVersion = 10.0.40219.1
Project("{2150E333-8FDC-42A3-9474-1A3956D46DE8}") = "Core", "Core", "{CA9C5B59-28B1-4084-980C-41881855F0B7}"
EndProject
Project("{2150E333-8FDC-42A3-9474-1A3956D46DE8}") = "Application", "Application", "{47E36D21-1941-47ED-9989-07E50BE6F0DB}"
EndProject
Project("{2150E333-8FDC-42A3-9474-1A3956D46DE8}") = "Infrastructure", "Infrastructure", "{346F01C9-270D-46FC-88F7-580E9AAF7CFA}"
EndProject
Project("{2150E333-8FDC-42A3-9474-1A3956D46DE8}") = "Presentation", "Presentation", "{7D9B5E26-9CCD-41B6-A1DF-AB1AE434F79D}"
EndProject
Project("{9A19103F-16F7-4668-BE54-9A1E7A4F7556}") = "IQOUTSOURCING.Domain", "IQOUTSOURCING.Domain\IQOUTSOURCING.Domain.csproj", "{FC4FD1C7-B917-47F0-8B56-47716DF53230}"
EndProject
Project("{9A19103F-16F7-4668-BE54-9A1E7A4F7556}") = "IQOUTSOURCING.BusinessLogic", "IQOUTSOURCING.BusinessLogic\IQOUTSOURCING.BusinessLogic.csproj", "{5C3FD9AD-4126-487E-B676-D1016E381A45}"
EndProject
Project("{9A19103F-16F7-4668-BE54-9A1E7A4F7556}") = "IQOUTSOURCING.Mappers", "IQOUTSOURCING.Mappers\IQOUTSOURCING.Mappers.csproj", "{E0145AD0-15BC-407B-8F92-DEC9816B340C}"
EndProject
Project("{9A19103F-16F7-4668-BE54-9A1E7A4F7556}") = "IQOUTSOURCING.PersistenceSQLServer", "IQOUTSOURCING.PersistenceSQLServer\IQOUTSOURCING.PersistenceSQLServer.csproj", "{22294A45-29F0-46C6-8A69-A9F41BB41817}"
EndProject
Project("{9A19103F-16F7-4668-BE54-9A1E7A4F7556}") = "IQOUTSOURCING.RestApi", "IQOUTSOURCING.RestApi\IQOUTSOURCING.RestApi.csproj", "{29483AC2-A075-4E21-BE8B-332EC8480906}"
EndProject
Project("{2150E333-8FDC-42A3-9474-1A3956D46DE8}") = "TransversalHelpers", "TransversalHelpers", "{6742B016-A112-4088-8E25-DC7596D98D02}"
EndProject
Project("{9A19103F-16F7-4668-BE54-9A1E7A4F7556}") = "IQOUTSOURCING.TransversalHelpers", "IQOUTSOURCING.TransversalHelpers\IQOUTSOURCING.TransversalHelpers.csproj", "{ED5537EB-F935-454E-B1CA-1D815C97E509}"
EndProject
Global
	GlobalSection(SolutionConfigurationPlatforms) = preSolution
		Debug|Any CPU = Debug|Any CPU
		Release|Any CPU = Release|Any CPU
	EndGlobalSection
	GlobalSection(ProjectConfigurationPlatforms) = postSolution
		{FC4FD1C7-B917-47F0-8B56-47716DF53230}.Debug|Any CPU.ActiveCfg = Debug|Any CPU
		{FC4FD1C7-B917-47F0-8B56-47716DF53230}.Debug|Any CPU.Build.0 = Debug|Any CPU
		{FC4FD1C7-B917-47F0-8B56-47716DF53230}.Release|Any CPU.ActiveCfg = Release|Any CPU
		{FC4FD1C7-B917-47F0-8B56-47716DF53230}.Release|Any CPU.Build.0 = Release|Any CPU
		{5C3FD9AD-4126-487E-B676-D1016E381A45}.Debug|Any CPU.ActiveCfg = Debug|Any CPU
		{5C3FD9AD-4126-487E-B676-D1016E381A45}.Debug|Any CPU.Build.0 = Debug|Any CPU
		{5C3FD9AD-4126-487E-B676-D1016E381A45}.Release|Any CPU.ActiveCfg = Release|Any CPU
		{5C3FD9AD-4126-487E-B676-D1016E381A45}.Release|Any CPU.Build.0 = Release|Any CPU
		{E0145AD0-15BC-407B-8F92-DEC9816B340C}.Debug|Any CPU.ActiveCfg = Debug|Any CPU
		{E0145AD0-15BC-407B-8F92-DEC9816B340C}.Debug|Any CPU.Build.0 = Debug|Any CPU
		{E0145AD0-15BC-407B-8F92-DEC9816B340C}.Release|Any CPU.ActiveCfg = Release|Any CPU
		{E0145AD0-15BC-407B-8F92-DEC9816B340C}.Release|Any CPU.Build.0 = Release|Any CPU
		{22294A45-29F0-46C6-8A69-A9F41BB41817}.Debug|Any CPU.ActiveCfg = Debug|Any CPU
		{22294A45-29F0-46C6-8A69-A9F41BB41817}.Debug|Any CPU.Build.0 = Debug|Any CPU
		{22294A45-29F0-46C6-8A69-A9F41BB41817}.Release|Any CPU.ActiveCfg = Release|Any CPU
		{22294A45-29F0-46C6-8A69-A9F41BB41817}.Release|Any CPU.Build.0 = Release|Any CPU
		{29483AC2-A075-4E21-BE8B-332EC8480906}.Debug|Any CPU.ActiveCfg = Debug|Any CPU
		{29483AC2-A075-4E21-BE8B-332EC8480906}.Debug|Any CPU.Build.0 = Debug|Any CPU
		{29483AC2-A075-4E21-BE8B-332EC8480906}.Release|Any CPU.ActiveCfg = Release|Any CPU
		{29483AC2-A075-4E21-BE8B-332EC8480906}.Release|Any CPU.Build.0 = Release|Any CPU
		{ED5537EB-F935-454E-B1CA-1D815C97E509}.Debug|Any CPU.ActiveCfg = Debug|Any CPU
		{ED5537EB-F935-454E-B1CA-1D815C97E509}.Debug|Any CPU.Build.0 = Debug|Any CPU
		{ED5537EB-F935-454E-B1CA-1D815C97E509}.Release|Any CPU.ActiveCfg = Release|Any CPU
		{ED5537EB-F935-454E-B1CA-1D815C97E509}.Release|Any CPU.Build.0 = Release|Any CPU
	EndGlobalSection
	GlobalSection(SolutionProperties) = preSolution
		HideSolutionNode = FALSE
	EndGlobalSection
	GlobalSection(NestedProjects) = preSolution
		{FC4FD1C7-B917-47F0-8B56-47716DF53230} = {CA9C5B59-28B1-4084-980C-41881855F0B7}
		{5C3FD9AD-4126-487E-B676-D1016E381A45} = {47E36D21-1941-47ED-9989-07E50BE6F0DB}
		{E0145AD0-15BC-407B-8F92-DEC9816B340C} = {47E36D21-1941-47ED-9989-07E50BE6F0DB}
		{22294A45-29F0-46C6-8A69-A9F41BB41817} = {346F01C9-270D-46FC-88F7-580E9AAF7CFA}
		{29483AC2-A075-4E21-BE8B-332EC8480906} = {7D9B5E26-9CCD-41B6-A1DF-AB1AE434F79D}
		{ED5537EB-F935-454E-B1CA-1D815C97E509} = {6742B016-A112-4088-8E25-DC7596D98D02}
	EndGlobalSection
	GlobalSection(ExtensibilityGlobals) = postSolution
		SolutionGuid = {167D1A01-041D-4E1D-92AE-E3BC315277FE}
	EndGlobalSection
EndGlobal
